
Microsoft Visual Studio Solution File, Format Version 12.00
# Visual Studio Version 16
VisualStudioVersion = 16.0.29920.165
MinimumVisualStudioVersion = 10.0.40219.1
Project("{FAE04EC0-301F-11D3-BF4B-00C04F79EFBC}") = "Task2", "Task2\Task2.csproj", "{BB6EB5CB-928B-405F-9D81-D39A73CE277E}"
EndProject
Project("{FAE04EC0-301F-11D3-BF4B-00C04F79EFBC}") = "Task2Tests", "Task2Tests\Task2Tests.csproj", "{39A5C9FC-5F7A-40E3-8B9B-08CF7D3B92AE}"
EndProject
Global
	GlobalSection(SolutionConfigurationPlatforms) = preSolution
		Debug|Any CPU = Debug|Any CPU
		Release|Any CPU = Release|Any CPU
	EndGlobalSection
	GlobalSection(ProjectConfigurationPlatforms) = postSolution
		{BB6EB5CB-928B-405F-9D81-D39A73CE277E}.Debug|Any CPU.ActiveCfg = Debug|Any CPU
		{BB6EB5CB-928B-405F-9D81-D39A73CE277E}.Debug|Any CPU.Build.0 = Debug|Any CPU
		{BB6EB5CB-928B-405F-9D81-D39A73CE277E}.Release|Any CPU.ActiveCfg = Release|Any CPU
		{BB6EB5CB-928B-405F-9D81-D39A73CE277E}.Release|Any CPU.Build.0 = Release|Any CPU
		{39A5C9FC-5F7A-40E3-8B9B-08CF7D3B92AE}.Debug|Any CPU.ActiveCfg = Debug|Any CPU
		{39A5C9FC-5F7A-40E3-8B9B-08CF7D3B92AE}.Debug|Any CPU.Build.0 = Debug|Any CPU
		{39A5C9FC-5F7A-40E3-8B9B-08CF7D3B92AE}.Release|Any CPU.ActiveCfg = Release|Any CPU
		{39A5C9FC-5F7A-40E3-8B9B-08CF7D3B92AE}.Release|Any CPU.Build.0 = Release|Any CPU
	EndGlobalSection
	GlobalSection(SolutionProperties) = preSolution
		HideSolutionNode = FALSE
	EndGlobalSection
	GlobalSection(ExtensibilityGlobals) = postSolution
		SolutionGuid = {47BD588B-29A9-4233-9BC7-6DFBA7E0296B}
	EndGlobalSection
EndGlobal
