
Microsoft Visual Studio Solution File, Format Version 12.00
# Visual Studio Version 16
VisualStudioVersion = 16.0.30011.22
MinimumVisualStudioVersion = 10.0.40219.1
Project("{FAE04EC0-301F-11D3-BF4B-00C04F79EFBC}") = "Task1", "Task1\Task1.csproj", "{A85DEA09-4F15-4748-8E55-356EE0BF1E40}"
EndProject
Project("{FAE04EC0-301F-11D3-BF4B-00C04F79EFBC}") = "Task1Tests", "Task1Tests\Task1Tests.csproj", "{E7F572FC-94FC-49EA-B865-E6CBC19EB042}"
EndProject
Global
	GlobalSection(SolutionConfigurationPlatforms) = preSolution
		Debug|Any CPU = Debug|Any CPU
		Release|Any CPU = Release|Any CPU
	EndGlobalSection
	GlobalSection(ProjectConfigurationPlatforms) = postSolution
		{A85DEA09-4F15-4748-8E55-356EE0BF1E40}.Debug|Any CPU.ActiveCfg = Debug|Any CPU
		{A85DEA09-4F15-4748-8E55-356EE0BF1E40}.Debug|Any CPU.Build.0 = Debug|Any CPU
		{A85DEA09-4F15-4748-8E55-356EE0BF1E40}.Release|Any CPU.ActiveCfg = Release|Any CPU
		{A85DEA09-4F15-4748-8E55-356EE0BF1E40}.Release|Any CPU.Build.0 = Release|Any CPU
		{E7F572FC-94FC-49EA-B865-E6CBC19EB042}.Debug|Any CPU.ActiveCfg = Debug|Any CPU
		{E7F572FC-94FC-49EA-B865-E6CBC19EB042}.Debug|Any CPU.Build.0 = Debug|Any CPU
		{E7F572FC-94FC-49EA-B865-E6CBC19EB042}.Release|Any CPU.ActiveCfg = Release|Any CPU
		{E7F572FC-94FC-49EA-B865-E6CBC19EB042}.Release|Any CPU.Build.0 = Release|Any CPU
	EndGlobalSection
	GlobalSection(SolutionProperties) = preSolution
		HideSolutionNode = FALSE
	EndGlobalSection
	GlobalSection(ExtensibilityGlobals) = postSolution
		SolutionGuid = {237DBFDC-97D2-45EC-B601-26D18A68362F}
	EndGlobalSection
EndGlobal
